
Microsoft Visual Studio Solution File, Format Version 12.00
# Visual Studio Version 17
VisualStudioVersion = 17.0.31903.59
MinimumVisualStudioVersion = 10.0.40219.1
Project("{2150E333-8FDC-42A3-9474-1A3956D46DE8}") = "Criteria6and7", "Criteria6and7", "{51077DBB-49C4-4B65-976B-09FAD2DD25B3}"
EndProject
Project("{FAE04EC0-301F-11D3-BF4B-00C04F79EFBC}") = "KnuckleBonesGame", "Criteria6and7\KnuckleBonesGame\KnuckleBonesGame.csproj", "{590051C2-E6AB-447E-B41D-32ECC6527448}"
EndProject
Global
	GlobalSection(SolutionConfigurationPlatforms) = preSolution
		Debug|Any CPU = Debug|Any CPU
		Release|Any CPU = Release|Any CPU
	EndGlobalSection
	GlobalSection(SolutionProperties) = preSolution
		HideSolutionNode = FALSE
	EndGlobalSection
	GlobalSection(ProjectConfigurationPlatforms) = postSolution
		{590051C2-E6AB-447E-B41D-32ECC6527448}.Debug|Any CPU.ActiveCfg = Debug|Any CPU
		{590051C2-E6AB-447E-B41D-32ECC6527448}.Debug|Any CPU.Build.0 = Debug|Any CPU
		{590051C2-E6AB-447E-B41D-32ECC6527448}.Release|Any CPU.ActiveCfg = Release|Any CPU
		{590051C2-E6AB-447E-B41D-32ECC6527448}.Release|Any CPU.Build.0 = Release|Any CPU
	EndGlobalSection
	GlobalSection(NestedProjects) = preSolution
		{590051C2-E6AB-447E-B41D-32ECC6527448} = {51077DBB-49C4-4B65-976B-09FAD2DD25B3}
	EndGlobalSection
EndGlobal
